
Microsoft Visual Studio Solution File, Format Version 12.00
Project("{FAE04EC0-301F-11D3-BF4B-00C04F79EFBC}") = "AttendanceApi", "AttendanceApi\AttendanceApi.csproj", "{83388901-7185-424A-A8CF-8F699A867450}"
EndProject
Global
	GlobalSection(SolutionConfigurationPlatforms) = preSolution
		Debug|Any CPU = Debug|Any CPU
		Release|Any CPU = Release|Any CPU
	EndGlobalSection
	GlobalSection(ProjectConfigurationPlatforms) = postSolution
		{83388901-7185-424A-A8CF-8F699A867450}.Debug|Any CPU.ActiveCfg = Debug|Any CPU
		{83388901-7185-424A-A8CF-8F699A867450}.Debug|Any CPU.Build.0 = Debug|Any CPU
		{83388901-7185-424A-A8CF-8F699A867450}.Release|Any CPU.ActiveCfg = Release|Any CPU
		{83388901-7185-424A-A8CF-8F699A867450}.Release|Any CPU.Build.0 = Release|Any CPU
	EndGlobalSection
EndGlobal
